
Microsoft Visual Studio Solution File, Format Version 12.00
# Visual Studio 15
VisualStudioVersion = 15.0.28107.0
MinimumVisualStudioVersion = 10.0.40219.1
Project("{FAE04EC0-301F-11D3-BF4B-00C04F79EFBC}") = "ConsoleMenuLib", "ConsoleMenuLib\ConsoleMenuLib.csproj", "{F29CBA27-7243-4C67-9576-D33936D5DA18}"
EndProject
Global
	GlobalSection(SolutionConfigurationPlatforms) = preSolution
		Debug|Any CPU = Debug|Any CPU
		Release|Any CPU = Release|Any CPU
	EndGlobalSection
	GlobalSection(ProjectConfigurationPlatforms) = postSolution
		{F29CBA27-7243-4C67-9576-D33936D5DA18}.Debug|Any CPU.ActiveCfg = Debug|Any CPU
		{F29CBA27-7243-4C67-9576-D33936D5DA18}.Debug|Any CPU.Build.0 = Debug|Any CPU
		{F29CBA27-7243-4C67-9576-D33936D5DA18}.Release|Any CPU.ActiveCfg = Release|Any CPU
		{F29CBA27-7243-4C67-9576-D33936D5DA18}.Release|Any CPU.Build.0 = Release|Any CPU
	EndGlobalSection
	GlobalSection(SolutionProperties) = preSolution
		HideSolutionNode = FALSE
	EndGlobalSection
	GlobalSection(ExtensibilityGlobals) = postSolution
		SolutionGuid = {7449E020-CC86-41A6-ADB8-E2D83B1112C6}
	EndGlobalSection
EndGlobal
